
Microsoft Visual Studio Solution File, Format Version 12.00
# Visual Studio Version 17
VisualStudioVersion = 17.13.35913.81 d17.13
MinimumVisualStudioVersion = 10.0.40219.1
Project("{FAE04EC0-301F-11D3-BF4B-00C04F79EFBC}") = "Aldente-Club", "Aldente-Club\Aldente-Club.csproj", "{F6046D87-64F4-4A62-8E0B-BB8C963229CC}"
EndProject
Global
	GlobalSection(SolutionConfigurationPlatforms) = preSolution
		Debug|Any CPU = Debug|Any CPU
		Release|Any CPU = Release|Any CPU
	EndGlobalSection
	GlobalSection(ProjectConfigurationPlatforms) = postSolution
		{F6046D87-64F4-4A62-8E0B-BB8C963229CC}.Debug|Any CPU.ActiveCfg = Debug|Any CPU
		{F6046D87-64F4-4A62-8E0B-BB8C963229CC}.Debug|Any CPU.Build.0 = Debug|Any CPU
		{F6046D87-64F4-4A62-8E0B-BB8C963229CC}.Release|Any CPU.ActiveCfg = Release|Any CPU
		{F6046D87-64F4-4A62-8E0B-BB8C963229CC}.Release|Any CPU.Build.0 = Release|Any CPU
	EndGlobalSection
	GlobalSection(SolutionProperties) = preSolution
		HideSolutionNode = FALSE
	EndGlobalSection
	GlobalSection(ExtensibilityGlobals) = postSolution
		SolutionGuid = {9296C758-E77E-4DE4-B93E-E4BD0161DFC8}
	EndGlobalSection
EndGlobal
